
Microsoft Visual Studio Solution File, Format Version 12.00
# Visual Studio 14
VisualStudioVersion = 14.0.24720.0
MinimumVisualStudioVersion = 10.0.40219.1
Project("{FAE04EC0-301F-11D3-BF4B-00C04F79EFBC}") = "Sdu.Data", "Sdu.Data\Sdu.Data.csproj", "{68049CDC-F4DC-4F0F-ACFD-1FD642997DF0}"
EndProject
Project("{FAE04EC0-301F-11D3-BF4B-00C04F79EFBC}") = "Sdu.Domain", "Sdu.Domain\Sdu.Domain.csproj", "{2B2D7912-B816-4C07-92D0-E37A9C547075}"
EndProject
Project("{FAE04EC0-301F-11D3-BF4B-00C04F79EFBC}") = "Sdu.DataUnitTests", "Sdu.DataUnitTests\Sdu.DataUnitTests.csproj", "{46CC38AE-19AF-4867-B85A-BEB5F89F30A2}"
EndProject
Project("{FAE04EC0-301F-11D3-BF4B-00C04F79EFBC}") = "Sdu.Data.IntegrationTests", "Sdu.Data.IntegrationTests\Sdu.Data.IntegrationTests.csproj", "{067456C0-086C-46A8-B37F-1405717B7BFC}"
EndProject
Project("{FAE04EC0-301F-11D3-BF4B-00C04F79EFBC}") = "Sdu.WebApi", "Sdu.WebApi\Sdu.WebApi.csproj", "{4C26669B-2B78-4C0D-A966-98E54F97A8B4}"
EndProject
Project("{FAE04EC0-301F-11D3-BF4B-00C04F79EFBC}") = "Sdu.WebApiUnitTests", "Sdu.WebApiUnitTests\Sdu.WebApiUnitTests.csproj", "{9960AAF0-B220-41E7-96A6-AE53D501C2CB}"
EndProject
Global
	GlobalSection(SolutionConfigurationPlatforms) = preSolution
		Debug|Any CPU = Debug|Any CPU
		Release|Any CPU = Release|Any CPU
	EndGlobalSection
	GlobalSection(ProjectConfigurationPlatforms) = postSolution
		{68049CDC-F4DC-4F0F-ACFD-1FD642997DF0}.Debug|Any CPU.ActiveCfg = Debug|Any CPU
		{68049CDC-F4DC-4F0F-ACFD-1FD642997DF0}.Debug|Any CPU.Build.0 = Debug|Any CPU
		{68049CDC-F4DC-4F0F-ACFD-1FD642997DF0}.Release|Any CPU.ActiveCfg = Release|Any CPU
		{68049CDC-F4DC-4F0F-ACFD-1FD642997DF0}.Release|Any CPU.Build.0 = Release|Any CPU
		{2B2D7912-B816-4C07-92D0-E37A9C547075}.Debug|Any CPU.ActiveCfg = Debug|Any CPU
		{2B2D7912-B816-4C07-92D0-E37A9C547075}.Debug|Any CPU.Build.0 = Debug|Any CPU
		{2B2D7912-B816-4C07-92D0-E37A9C547075}.Release|Any CPU.ActiveCfg = Release|Any CPU
		{2B2D7912-B816-4C07-92D0-E37A9C547075}.Release|Any CPU.Build.0 = Release|Any CPU
		{46CC38AE-19AF-4867-B85A-BEB5F89F30A2}.Debug|Any CPU.ActiveCfg = Debug|Any CPU
		{46CC38AE-19AF-4867-B85A-BEB5F89F30A2}.Debug|Any CPU.Build.0 = Debug|Any CPU
		{46CC38AE-19AF-4867-B85A-BEB5F89F30A2}.Release|Any CPU.ActiveCfg = Release|Any CPU
		{46CC38AE-19AF-4867-B85A-BEB5F89F30A2}.Release|Any CPU.Build.0 = Release|Any CPU
		{067456C0-086C-46A8-B37F-1405717B7BFC}.Debug|Any CPU.ActiveCfg = Debug|Any CPU
		{067456C0-086C-46A8-B37F-1405717B7BFC}.Debug|Any CPU.Build.0 = Debug|Any CPU
		{067456C0-086C-46A8-B37F-1405717B7BFC}.Release|Any CPU.ActiveCfg = Release|Any CPU
		{067456C0-086C-46A8-B37F-1405717B7BFC}.Release|Any CPU.Build.0 = Release|Any CPU
		{4C26669B-2B78-4C0D-A966-98E54F97A8B4}.Debug|Any CPU.ActiveCfg = Debug|Any CPU
		{4C26669B-2B78-4C0D-A966-98E54F97A8B4}.Debug|Any CPU.Build.0 = Debug|Any CPU
		{4C26669B-2B78-4C0D-A966-98E54F97A8B4}.Release|Any CPU.ActiveCfg = Release|Any CPU
		{4C26669B-2B78-4C0D-A966-98E54F97A8B4}.Release|Any CPU.Build.0 = Release|Any CPU
		{9960AAF0-B220-41E7-96A6-AE53D501C2CB}.Debug|Any CPU.ActiveCfg = Debug|Any CPU
		{9960AAF0-B220-41E7-96A6-AE53D501C2CB}.Debug|Any CPU.Build.0 = Debug|Any CPU
		{9960AAF0-B220-41E7-96A6-AE53D501C2CB}.Release|Any CPU.ActiveCfg = Release|Any CPU
		{9960AAF0-B220-41E7-96A6-AE53D501C2CB}.Release|Any CPU.Build.0 = Release|Any CPU
	EndGlobalSection
	GlobalSection(SolutionProperties) = preSolution
		HideSolutionNode = FALSE
	EndGlobalSection
EndGlobal
